
Microsoft Visual Studio Solution File, Format Version 12.00
# Visual Studio Version 16
VisualStudioVersion = 16.0.30128.74
MinimumVisualStudioVersion = 10.0.40219.1
Project("{FAE04EC0-301F-11D3-BF4B-00C04F79EFBC}") = "_40.Zoo_Using_SQL_and_GUI", "_40.Zoo_Using_SQL_and_GUI.csproj", "{78FD97D5-A25E-4644-B52E-D8A9E5ABECBC}"
EndProject
Global
	GlobalSection(SolutionConfigurationPlatforms) = preSolution
		Debug|Any CPU = Debug|Any CPU
		Release|Any CPU = Release|Any CPU
	EndGlobalSection
	GlobalSection(ProjectConfigurationPlatforms) = postSolution
		{78FD97D5-A25E-4644-B52E-D8A9E5ABECBC}.Debug|Any CPU.ActiveCfg = Debug|Any CPU
		{78FD97D5-A25E-4644-B52E-D8A9E5ABECBC}.Debug|Any CPU.Build.0 = Debug|Any CPU
		{78FD97D5-A25E-4644-B52E-D8A9E5ABECBC}.Release|Any CPU.ActiveCfg = Release|Any CPU
		{78FD97D5-A25E-4644-B52E-D8A9E5ABECBC}.Release|Any CPU.Build.0 = Release|Any CPU
	EndGlobalSection
	GlobalSection(SolutionProperties) = preSolution
		HideSolutionNode = FALSE
	EndGlobalSection
	GlobalSection(ExtensibilityGlobals) = postSolution
		SolutionGuid = {D8AC32E8-AA7F-4D48-9FF1-44BD777ACB01}
	EndGlobalSection
EndGlobal
