
Microsoft Visual Studio Solution File, Format Version 12.00
# Visual Studio Version 16
VisualStudioVersion = 16.0.30128.74
MinimumVisualStudioVersion = 10.0.40219.1
Project("{FAE04EC0-301F-11D3-BF4B-00C04F79EFBC}") = "_37.RadioButtons_and_Images_in_GUITuts", "_37.RadioButtons_and_Images_in_GUITuts.csproj", "{CE57A9AE-0246-40C0-8B0C-91D351EB7360}"
EndProject
Global
	GlobalSection(SolutionConfigurationPlatforms) = preSolution
		Debug|Any CPU = Debug|Any CPU
		Release|Any CPU = Release|Any CPU
	EndGlobalSection
	GlobalSection(ProjectConfigurationPlatforms) = postSolution
		{CE57A9AE-0246-40C0-8B0C-91D351EB7360}.Debug|Any CPU.ActiveCfg = Debug|Any CPU
		{CE57A9AE-0246-40C0-8B0C-91D351EB7360}.Debug|Any CPU.Build.0 = Debug|Any CPU
		{CE57A9AE-0246-40C0-8B0C-91D351EB7360}.Release|Any CPU.ActiveCfg = Release|Any CPU
		{CE57A9AE-0246-40C0-8B0C-91D351EB7360}.Release|Any CPU.Build.0 = Release|Any CPU
	EndGlobalSection
	GlobalSection(SolutionProperties) = preSolution
		HideSolutionNode = FALSE
	EndGlobalSection
	GlobalSection(ExtensibilityGlobals) = postSolution
		SolutionGuid = {0B64D715-80BB-417F-928F-85B0E0FF5E4E}
	EndGlobalSection
EndGlobal
