
Microsoft Visual Studio Solution File, Format Version 12.00
# Visual Studio Version 16
VisualStudioVersion = 16.0.30128.74
MinimumVisualStudioVersion = 10.0.40219.1
Project("{FAE04EC0-301F-11D3-BF4B-00C04F79EFBC}") = "_18.Lambda_expression_and_delegates", "_18.Lambda_expression_and_delegates.csproj", "{C8E76B31-BAD9-4EC3-8E40-EB806AD9C5D0}"
EndProject
Global
	GlobalSection(SolutionConfigurationPlatforms) = preSolution
		Debug|Any CPU = Debug|Any CPU
		Release|Any CPU = Release|Any CPU
	EndGlobalSection
	GlobalSection(ProjectConfigurationPlatforms) = postSolution
		{C8E76B31-BAD9-4EC3-8E40-EB806AD9C5D0}.Debug|Any CPU.ActiveCfg = Debug|Any CPU
		{C8E76B31-BAD9-4EC3-8E40-EB806AD9C5D0}.Debug|Any CPU.Build.0 = Debug|Any CPU
		{C8E76B31-BAD9-4EC3-8E40-EB806AD9C5D0}.Release|Any CPU.ActiveCfg = Release|Any CPU
		{C8E76B31-BAD9-4EC3-8E40-EB806AD9C5D0}.Release|Any CPU.Build.0 = Release|Any CPU
	EndGlobalSection
	GlobalSection(SolutionProperties) = preSolution
		HideSolutionNode = FALSE
	EndGlobalSection
	GlobalSection(ExtensibilityGlobals) = postSolution
		SolutionGuid = {876FF35E-2C56-487E-B001-AE2213BFE14B}
	EndGlobalSection
EndGlobal
