
Microsoft Visual Studio Solution File, Format Version 12.00
# Visual Studio Version 16
VisualStudioVersion = 16.0.30128.74
MinimumVisualStudioVersion = 10.0.40219.1
Project("{FAE04EC0-301F-11D3-BF4B-00C04F79EFBC}") = "_10.Jagged_Array", "_10.Jagged_Array.csproj", "{8D4E20B7-7B09-4CA0-AC06-E8A3B196F887}"
EndProject
Global
	GlobalSection(SolutionConfigurationPlatforms) = preSolution
		Debug|Any CPU = Debug|Any CPU
		Release|Any CPU = Release|Any CPU
	EndGlobalSection
	GlobalSection(ProjectConfigurationPlatforms) = postSolution
		{8D4E20B7-7B09-4CA0-AC06-E8A3B196F887}.Debug|Any CPU.ActiveCfg = Debug|Any CPU
		{8D4E20B7-7B09-4CA0-AC06-E8A3B196F887}.Debug|Any CPU.Build.0 = Debug|Any CPU
		{8D4E20B7-7B09-4CA0-AC06-E8A3B196F887}.Release|Any CPU.ActiveCfg = Release|Any CPU
		{8D4E20B7-7B09-4CA0-AC06-E8A3B196F887}.Release|Any CPU.Build.0 = Release|Any CPU
	EndGlobalSection
	GlobalSection(SolutionProperties) = preSolution
		HideSolutionNode = FALSE
	EndGlobalSection
	GlobalSection(ExtensibilityGlobals) = postSolution
		SolutionGuid = {04DEFB42-7C38-401A-B7A2-19497C83AF7C}
	EndGlobalSection
EndGlobal
