
Microsoft Visual Studio Solution File, Format Version 12.00
# Visual Studio Version 16
VisualStudioVersion = 16.0.30128.74
MinimumVisualStudioVersion = 10.0.40219.1
Project("{FAE04EC0-301F-11D3-BF4B-00C04F79EFBC}") = "_34.ComboBox_in_GUITuts", "_34.ComboBox_in_GUITuts.csproj", "{C34B8619-D416-4202-8301-48BA071D5741}"
EndProject
Global
	GlobalSection(SolutionConfigurationPlatforms) = preSolution
		Debug|Any CPU = Debug|Any CPU
		Release|Any CPU = Release|Any CPU
	EndGlobalSection
	GlobalSection(ProjectConfigurationPlatforms) = postSolution
		{C34B8619-D416-4202-8301-48BA071D5741}.Debug|Any CPU.ActiveCfg = Debug|Any CPU
		{C34B8619-D416-4202-8301-48BA071D5741}.Debug|Any CPU.Build.0 = Debug|Any CPU
		{C34B8619-D416-4202-8301-48BA071D5741}.Release|Any CPU.ActiveCfg = Release|Any CPU
		{C34B8619-D416-4202-8301-48BA071D5741}.Release|Any CPU.Build.0 = Release|Any CPU
	EndGlobalSection
	GlobalSection(SolutionProperties) = preSolution
		HideSolutionNode = FALSE
	EndGlobalSection
	GlobalSection(ExtensibilityGlobals) = postSolution
		SolutionGuid = {CD0A5A42-BBCF-4FA0-86E2-AAFCAF4DB790}
	EndGlobalSection
EndGlobal
