
Microsoft Visual Studio Solution File, Format Version 12.00
# Visual Studio Version 16
VisualStudioVersion = 16.0.30320.27
MinimumVisualStudioVersion = 10.0.40219.1
Project("{FAE04EC0-301F-11D3-BF4B-00C04F79EFBC}") = "BookListRazor", "BookListRazor.csproj", "{6DBF48E7-2CC7-49CA-9B6D-2FBF5D9B501A}"
EndProject
Global
	GlobalSection(SolutionConfigurationPlatforms) = preSolution
		Debug|Any CPU = Debug|Any CPU
		Release|Any CPU = Release|Any CPU
	EndGlobalSection
	GlobalSection(ProjectConfigurationPlatforms) = postSolution
		{6DBF48E7-2CC7-49CA-9B6D-2FBF5D9B501A}.Debug|Any CPU.ActiveCfg = Debug|Any CPU
		{6DBF48E7-2CC7-49CA-9B6D-2FBF5D9B501A}.Debug|Any CPU.Build.0 = Debug|Any CPU
		{6DBF48E7-2CC7-49CA-9B6D-2FBF5D9B501A}.Release|Any CPU.ActiveCfg = Release|Any CPU
		{6DBF48E7-2CC7-49CA-9B6D-2FBF5D9B501A}.Release|Any CPU.Build.0 = Release|Any CPU
	EndGlobalSection
	GlobalSection(SolutionProperties) = preSolution
		HideSolutionNode = FALSE
	EndGlobalSection
	GlobalSection(ExtensibilityGlobals) = postSolution
		SolutionGuid = {8F08E279-6FEC-43FB-B16C-278D1C3C7B45}
	EndGlobalSection
EndGlobal
